
Microsoft Visual Studio Solution File, Format Version 12.00
# Visual Studio Version 17
VisualStudioVersion = 17.8.34525.116
MinimumVisualStudioVersion = 10.0.40219.1
Project("{FAE04EC0-301F-11D3-BF4B-00C04F79EFBC}") = "HelloCookBookAPI", "HelloCookBookAPI\HelloCookBookAPI.csproj", "{39061C2E-FB51-48B0-A370-8CC61397BFE7}"
EndProject
Global
	GlobalSection(SolutionConfigurationPlatforms) = preSolution
		Debug|Any CPU = Debug|Any CPU
		Release|Any CPU = Release|Any CPU
	EndGlobalSection
	GlobalSection(ProjectConfigurationPlatforms) = postSolution
		{39061C2E-FB51-48B0-A370-8CC61397BFE7}.Debug|Any CPU.ActiveCfg = Debug|Any CPU
		{39061C2E-FB51-48B0-A370-8CC61397BFE7}.Debug|Any CPU.Build.0 = Debug|Any CPU
		{39061C2E-FB51-48B0-A370-8CC61397BFE7}.Release|Any CPU.ActiveCfg = Release|Any CPU
		{39061C2E-FB51-48B0-A370-8CC61397BFE7}.Release|Any CPU.Build.0 = Release|Any CPU
	EndGlobalSection
	GlobalSection(SolutionProperties) = preSolution
		HideSolutionNode = FALSE
	EndGlobalSection
	GlobalSection(ExtensibilityGlobals) = postSolution
		SolutionGuid = {6E28B8B8-723A-4B9A-B46D-41B1A3A7DB17}
	EndGlobalSection
EndGlobal
